// !$*UTF8*$!
{
	archiveVersion = 1;
	classes = {
	};
	objectVersion = 50;
	objects = {

/* Begin PBXBuildFile section */
		265D3DE721F48C7100AD4677 /* Item.swift in Sources */ = {isa = PBXBuildFile; fileRef = 265D3DE621F48C7100AD4677 /* Item.swift */; };
		265D3DE921F48C8000AD4677 /* Category.swift in Sources */ = {isa = PBXBuildFile; fileRef = 265D3DE821F48C8000AD4677 /* Category.swift */; };
		26F2A92521E640D90072680B /* AppDelegate.swift in Sources */ = {isa = PBXBuildFile; fileRef = 26F2A92421E640D90072680B /* AppDelegate.swift */; };
		26F2A92721E640D90072680B /* ToDoListViewController.swift in Sources */ = {isa = PBXBuildFile; fileRef = 26F2A92621E640D90072680B /* ToDoListViewController.swift */; };
		26F2A92A21E640D90072680B /* Main.storyboard in Resources */ = {isa = PBXBuildFile; fileRef = 26F2A92821E640D90072680B /* Main.storyboard */; };
		26F2A92C21E640DA0072680B /* Assets.xcassets in Resources */ = {isa = PBXBuildFile; fileRef = 26F2A92B21E640DA0072680B /* Assets.xcassets */; };
		26F2A92F21E640DA0072680B /* LaunchScreen.storyboard in Resources */ = {isa = PBXBuildFile; fileRef = 26F2A92D21E640DA0072680B /* LaunchScreen.storyboard */; };
		26F2A98221ECE3170072680B /* CategoryViewController.swift in Sources */ = {isa = PBXBuildFile; fileRef = 26F2A98121ECE3170072680B /* CategoryViewController.swift */; };
		810F81E9D7CC77B999B6A1E7 /* Pods_Todoey.framework in Frameworks */ = {isa = PBXBuildFile; fileRef = 0E3133AF46EFAF67E012D8C1 /* Pods_Todoey.framework */; };
/* End PBXBuildFile section */

/* Begin PBXFileReference section */
		0E3133AF46EFAF67E012D8C1 /* Pods_Todoey.framework */ = {isa = PBXFileReference; explicitFileType = wrapper.framework; includeInIndex = 0; path = Pods_Todoey.framework; sourceTree = BUILT_PRODUCTS_DIR; };
		265D3DE621F48C7100AD4677 /* Item.swift */ = {isa = PBXFileReference; lastKnownFileType = sourcecode.swift; path = Item.swift; sourceTree = "<group>"; };
		265D3DE821F48C8000AD4677 /* Category.swift */ = {isa = PBXFileReference; lastKnownFileType = sourcecode.swift; path = Category.swift; sourceTree = "<group>"; };
		26F2A92121E640D90072680B /* Todoey.app */ = {isa = PBXFileReference; explicitFileType = wrapper.application; includeInIndex = 0; path = Todoey.app; sourceTree = BUILT_PRODUCTS_DIR; };
		26F2A92421E640D90072680B /* AppDelegate.swift */ = {isa = PBXFileReference; lastKnownFileType = sourcecode.swift; path = AppDelegate.swift; sourceTree = "<group>"; };
		26F2A92621E640D90072680B /* ToDoListViewController.swift */ = {isa = PBXFileReference; lastKnownFileType = sourcecode.swift; path = ToDoListViewController.swift; sourceTree = "<group>"; };
		26F2A92921E640D90072680B /* Base */ = {isa = PBXFileReference; lastKnownFileType = file.storyboard; name = Base; path = Base.lproj/Main.storyboard; sourceTree = "<group>"; };
		26F2A92B21E640DA0072680B /* Assets.xcassets */ = {isa = PBXFileReference; lastKnownFileType = folder.assetcatalog; path = Assets.xcassets; sourceTree = "<group>"; };
		26F2A92E21E640DA0072680B /* Base */ = {isa = PBXFileReference; lastKnownFileType = file.storyboard; name = Base; path = Base.lproj/LaunchScreen.storyboard; sourceTree = "<group>"; };
		26F2A93021E640DA0072680B /* Info.plist */ = {isa = PBXFileReference; lastKnownFileType = text.plist.xml; path = Info.plist; sourceTree = "<group>"; };
		26F2A98121ECE3170072680B /* CategoryViewController.swift */ = {isa = PBXFileReference; lastKnownFileType = sourcecode.swift; path = CategoryViewController.swift; sourceTree = "<group>"; };
		B989F6D0CDFFCEB952CBC588 /* Pods-Todoey.debug.xcconfig */ = {isa = PBXFileReference; includeInIndex = 1; lastKnownFileType = text.xcconfig; name = "Pods-Todoey.debug.xcconfig"; path = "Pods/Target Support Files/Pods-Todoey/Pods-Todoey.debug.xcconfig"; sourceTree = "<group>"; };
		DD941B57196A2355F097B14A /* Pods-Todoey.release.xcconfig */ = {isa = PBXFileReference; includeInIndex = 1; lastKnownFileType = text.xcconfig; name = "Pods-Todoey.release.xcconfig"; path = "Pods/Target Support Files/Pods-Todoey/Pods-Todoey.release.xcconfig"; sourceTree = "<group>"; };
/* End PBXFileReference section */

/* Begin PBXFrameworksBuildPhase section */
		26F2A91E21E640D90072680B /* Frameworks */ = {
			isa = PBXFrameworksBuildPhase;
			buildActionMask = 2147483647;
			files = (
				810F81E9D7CC77B999B6A1E7 /* Pods_Todoey.framework in Frameworks */,
			);
			runOnlyForDeploymentPostprocessing = 0;
		};
/* End PBXFrameworksBuildPhase section */

/* Begin PBXGroup section */
		0FFCBCF68FDD920EF4D99F47 /* Frameworks */ = {
			isa = PBXGroup;
			children = (
				0E3133AF46EFAF67E012D8C1 /* Pods_Todoey.framework */,
			);
			name = Frameworks;
			sourceTree = "<group>";
		};
		20126E181AD2946F465A01C5 /* Pods */ = {
			isa = PBXGroup;
			children = (
				B989F6D0CDFFCEB952CBC588 /* Pods-Todoey.debug.xcconfig */,
				DD941B57196A2355F097B14A /* Pods-Todoey.release.xcconfig */,
			);
			name = Pods;
			sourceTree = "<group>";
		};
		26F2A91821E640D90072680B = {
			isa = PBXGroup;
			children = (
				26F2A92321E640D90072680B /* Todoey */,
				26F2A92221E640D90072680B /* Products */,
				20126E181AD2946F465A01C5 /* Pods */,
				0FFCBCF68FDD920EF4D99F47 /* Frameworks */,
			);
			sourceTree = "<group>";
		};
		26F2A92221E640D90072680B /* Products */ = {
			isa = PBXGroup;
			children = (
				26F2A92121E640D90072680B /* Todoey.app */,
			);
			name = Products;
			sourceTree = "<group>";
		};
		26F2A92321E640D90072680B /* Todoey */ = {
			isa = PBXGroup;
			children = (
				26F2A92421E640D90072680B /* AppDelegate.swift */,
				26F2A93921E7742F0072680B /* Controllers */,
				26F2A93821E773C90072680B /* Data Model */,
				26F2A93A21E774380072680B /* Views */,
				26F2A93B21E774470072680B /* Supporting Files */,
				26F2A93021E640DA0072680B /* Info.plist */,
			);
			path = Todoey;
			sourceTree = "<group>";
		};
		26F2A93821E773C90072680B /* Data Model */ = {
			isa = PBXGroup;
			children = (
				265D3DE821F48C8000AD4677 /* Category.swift */,
				265D3DE621F48C7100AD4677 /* Item.swift */,
			);
			path = "Data Model";
			sourceTree = "<group>";
		};
		26F2A93921E7742F0072680B /* Controllers */ = {
			isa = PBXGroup;
			children = (
				26F2A98121ECE3170072680B /* CategoryViewController.swift */,
				26F2A92621E640D90072680B /* ToDoListViewController.swift */,
			);
			path = Controllers;
			sourceTree = "<group>";
		};
		26F2A93A21E774380072680B /* Views */ = {
			isa = PBXGroup;
			children = (
				26F2A92821E640D90072680B /* Main.storyboard */,
			);
			path = Views;
			sourceTree = "<group>";
		};
		26F2A93B21E774470072680B /* Supporting Files */ = {
			isa = PBXGroup;
			children = (
				26F2A92B21E640DA0072680B /* Assets.xcassets */,
				26F2A92D21E640DA0072680B /* LaunchScreen.storyboard */,
			);
			path = "Supporting Files";
			sourceTree = "<group>";
		};
/* End PBXGroup section */

/* Begin PBXNativeTarget section */
		26F2A92021E640D90072680B /* Todoey */ = {
			isa = PBXNativeTarget;
			buildConfigurationList = 26F2A93321E640DA0072680B /* Build configuration list for PBXNativeTarget "Todoey" */;
			buildPhases = (
				BE9B9BF83273C16B3D5F02FB /* [CP] Check Pods Manifest.lock */,
				26F2A91D21E640D90072680B /* Sources */,
				26F2A91E21E640D90072680B /* Frameworks */,
				26F2A91F21E640D90072680B /* Resources */,
				23E3A4763E42644F9A06A1D9 /* [CP] Embed Pods Frameworks */,
			);
			buildRules = (
			);
			dependencies = (
			);
			name = Todoey;
			productName = Todoey;
			productReference = 26F2A92121E640D90072680B /* Todoey.app */;
			productType = "com.apple.product-type.application";
		};
/* End PBXNativeTarget section */

/* Begin PBXProject section */
		26F2A91921E640D90072680B /* Project object */ = {
			isa = PBXProject;
			attributes = {
				LastSwiftUpdateCheck = 1010;
				LastUpgradeCheck = 1010;
				ORGANIZATIONNAME = "Szymon Tenderenda";
				TargetAttributes = {
					26F2A92021E640D90072680B = {
						CreatedOnToolsVersion = 10.1;
					};
				};
			};
			buildConfigurationList = 26F2A91C21E640D90072680B /* Build configuration list for PBXProject "Todoey" */;
			compatibilityVersion = "Xcode 9.3";
			developmentRegion = en;
			hasScannedForEncodings = 0;
			knownRegions = (
				en,
				Base,
			);
			mainGroup = 26F2A91821E640D90072680B;
			productRefGroup = 26F2A92221E640D90072680B /* Products */;
			projectDirPath = "";
			projectRoot = "";
			targets = (
				26F2A92021E640D90072680B /* Todoey */,
			);
		};
/* End PBXProject section */

/* Begin PBXResourcesBuildPhase section */
		26F2A91F21E640D90072680B /* Resources */ = {
			isa = PBXResourcesBuildPhase;
			buildActionMask = 2147483647;
			files = (
				26F2A92F21E640DA0072680B /* LaunchScreen.storyboard in Resources */,
				26F2A92C21E640DA0072680B /* Assets.xcassets in Resources */,
				26F2A92A21E640D90072680B /* Main.storyboard in Resources */,
			);
			runOnlyForDeploymentPostprocessing = 0;
		};
/* End PBXResourcesBuildPhase section */

/* Begin PBXShellScriptBuildPhase section */
		23E3A4763E42644F9A06A1D9 /* [CP] Embed Pods Frameworks */ = {
			isa = PBXShellScriptBuildPhase;
			buildActionMask = 2147483647;
			files = (
			);
			inputFileListPaths = (
			);
			inputPaths = (
				"${SRCROOT}/Pods/Target Support Files/Pods-Todoey/Pods-Todoey-frameworks.sh",
				"${BUILT_PRODUCTS_DIR}/Realm/Realm.framework",
				"${BUILT_PRODUCTS_DIR}/RealmSwift/RealmSwift.framework",
			);
			name = "[CP] Embed Pods Frameworks";
			outputFileListPaths = (
			);
			outputPaths = (
				"${TARGET_BUILD_DIR}/${FRAMEWORKS_FOLDER_PATH}/Realm.framework",
				"${TARGET_BUILD_DIR}/${FRAMEWORKS_FOLDER_PATH}/RealmSwift.framework",
			);
			runOnlyForDeploymentPostprocessing = 0;
			shellPath = /bin/sh;
			shellScript = "\"${SRCROOT}/Pods/Target Support Files/Pods-Todoey/Pods-Todoey-frameworks.sh\"\n";
			showEnvVarsInLog = 0;
		};
		BE9B9BF83273C16B3D5F02FB /* [CP] Check Pods Manifest.lock */ = {
			isa = PBXShellScriptBuildPhase;
			buildActionMask = 2147483647;
			files = (
			);
			inputFileListPaths = (
			);
			inputPaths = (
				"${PODS_PODFILE_DIR_PATH}/Podfile.lock",
				"${PODS_ROOT}/Manifest.lock",
			);
			name = "[CP] Check Pods Manifest.lock";
			outputFileListPaths = (
			);
			outputPaths = (
				"$(DERIVED_FILE_DIR)/Pods-Todoey-checkManifestLockResult.txt",
			);
			runOnlyForDeploymentPostprocessing = 0;
			shellPath = /bin/sh;
			shellScript = "diff \"${PODS_PODFILE_DIR_PATH}/Podfile.lock\" \"${PODS_ROOT}/Manifest.lock\" > /dev/null\nif [ $? != 0 ] ; then\n    # print error to STDERR\n    echo \"error: The sandbox is not in sync with the Podfile.lock. Run 'pod install' or update your CocoaPods installation.\" >&2\n    exit 1\nfi\n# This output is used by Xcode 'outputs' to avoid re-running this script phase.\necho \"SUCCESS\" > \"${SCRIPT_OUTPUT_FILE_0}\"\n";
			showEnvVarsInLog = 0;
		};
/* End PBXShellScriptBuildPhase section */

/* Begin PBXSourcesBuildPhase section */
		26F2A91D21E640D90072680B /* Sources */ = {
			isa = PBXSourcesBuildPhase;
			buildActionMask = 2147483647;
			files = (
				265D3DE921F48C8000AD4677 /* Category.swift in Sources */,
				265D3DE721F48C7100AD4677 /* Item.swift in Sources */,
				26F2A98221ECE3170072680B /* CategoryViewController.swift in Sources */,
				26F2A92721E640D90072680B /* ToDoListViewController.swift in Sources */,
				26F2A92521E640D90072680B /* AppDelegate.swift in Sources */,
			);
			runOnlyForDeploymentPostprocessing = 0;
		};
/* End PBXSourcesBuildPhase section */

/* Begin PBXVariantGroup section */
		26F2A92821E640D90072680B /* Main.storyboard */ = {
			isa = PBXVariantGroup;
			children = (
				26F2A92921E640D90072680B /* Base */,
			);
			name = Main.storyboard;
			sourceTree = "<group>";
		};
		26F2A92D21E640DA0072680B /* LaunchScreen.storyboard */ = {
			isa = PBXVariantGroup;
			children = (
				26F2A92E21E640DA0072680B /* Base */,
			);
			name = LaunchScreen.storyboard;
			sourceTree = "<group>";
		};
/* End PBXVariantGroup section */

/* Begin XCBuildConfiguration section */
		26F2A93121E640DA0072680B /* Debug */ = {
			isa = XCBuildConfiguration;
			buildSettings = {
				ALWAYS_SEARCH_USER_PATHS = NO;
				CLANG_ANALYZER_NONNULL = YES;
				CLANG_ANALYZER_NUMBER_OBJECT_CONVERSION = YES_AGGRESSIVE;
				CLANG_CXX_LANGUAGE_STANDARD = "gnu++14";
				CLANG_CXX_LIBRARY = "libc++";
				CLANG_ENABLE_MODULES = YES;
				CLANG_ENABLE_OBJC_ARC = YES;
				CLANG_ENABLE_OBJC_WEAK = YES;
				CLANG_WARN_BLOCK_CAPTURE_AUTORELEASING = YES;
				CLANG_WARN_BOOL_CONVERSION = YES;
				CLANG_WARN_COMMA = YES;
				CLANG_WARN_CONSTANT_CONVERSION = YES;
				CLANG_WARN_DEPRECATED_OBJC_IMPLEMENTATIONS = YES;
				CLANG_WARN_DIRECT_OBJC_ISA_USAGE = YES_ERROR;
				CLANG_WARN_DOCUMENTATION_COMMENTS = YES;
				CLANG_WARN_EMPTY_BODY = YES;
				CLANG_WARN_ENUM_CONVERSION = YES;
				CLANG_WARN_INFINITE_RECURSION = YES;
				CLANG_WARN_INT_CONVERSION = YES;
				CLANG_WARN_NON_LITERAL_NULL_CONVERSION = YES;
				CLANG_WARN_OBJC_IMPLICIT_RETAIN_SELF = YES;
				CLANG_WARN_OBJC_LITERAL_CONVERSION = YES;
				CLANG_WARN_OBJC_ROOT_CLASS = YES_ERROR;
				CLANG_WARN_RANGE_LOOP_ANALYSIS = YES;
				CLANG_WARN_STRICT_PROTOTYPES = YES;
				CLANG_WARN_SUSPICIOUS_MOVE = YES;
				CLANG_WARN_UNGUARDED_AVAILABILITY = YES_AGGRESSIVE;
				CLANG_WARN_UNREACHABLE_CODE = YES;
				CLANG_WARN__DUPLICATE_METHOD_MATCH = YES;
				CODE_SIGN_IDENTITY = "iPhone Developer";
				COPY_PHASE_STRIP = NO;
				DEBUG_INFORMATION_FORMAT = dwarf;
				ENABLE_STRICT_OBJC_MSGSEND = YES;
				ENABLE_TESTABILITY = YES;
				GCC_C_LANGUAGE_STANDARD = gnu11;
				GCC_DYNAMIC_NO_PIC = NO;
				GCC_NO_COMMON_BLOCKS = YES;
				GCC_OPTIMIZATION_LEVEL = 0;
				GCC_PREPROCESSOR_DEFINITIONS = (
					"DEBUG=1",
					"$(inherited)",
				);
				GCC_WARN_64_TO_32_BIT_CONVERSION = YES;
				GCC_WARN_ABOUT_RETURN_TYPE = YES_ERROR;
				GCC_WARN_UNDECLARED_SELECTOR = YES;
				GCC_WARN_UNINITIALIZED_AUTOS = YES_AGGRESSIVE;
				GCC_WARN_UNUSED_FUNCTION = YES;
				GCC_WARN_UNUSED_VARIABLE = YES;
				IPHONEOS_DEPLOYMENT_TARGET = 12.1;
				MTL_ENABLE_DEBUG_INFO = INCLUDE_SOURCE;
				MTL_FAST_MATH = YES;
				ONLY_ACTIVE_ARCH = YES;
				SDKROOT = iphoneos;
				SWIFT_ACTIVE_COMPILATION_CONDITIONS = DEBUG;
				SWIFT_OPTIMIZATION_LEVEL = "-Onone";
			};
			name = Debug;
		};
		26F2A93221E640DA0072680B /* Release */ = {
			isa = XCBuildConfiguration;
			buildSettings = {
				ALWAYS_SEARCH_USER_PATHS = NO;
				CLANG_ANALYZER_NONNULL = YES;
				CLANG_ANALYZER_NUMBER_OBJECT_CONVERSION = YES_AGGRESSIVE;
				CLANG_CXX_LANGUAGE_STANDARD = "gnu++14";
				CLANG_CXX_LIBRARY = "libc++";
				CLANG_ENABLE_MODULES = YES;
				CLANG_ENABLE_OBJC_ARC = YES;
				CLANG_ENABLE_OBJC_WEAK = YES;
				CLANG_WARN_BLOCK_CAPTURE_AUTORELEASING = YES;
				CLANG_WARN_BOOL_CONVERSION = YES;
				CLANG_WARN_COMMA = YES;
				CLANG_WARN_CONSTANT_CONVERSION = YES;
				CLANG_WARN_DEPRECATED_OBJC_IMPLEMENTATIONS = YES;
				CLANG_WARN_DIRECT_OBJC_ISA_USAGE = YES_ERROR;
				CLANG_WARN_DOCUMENTATION_COMMENTS = YES;
				CLANG_WARN_EMPTY_BODY = YES;
				CLANG_WARN_ENUM_CONVERSION = YES;
				CLANG_WARN_INFINITE_RECURSION = YES;
				CLANG_WARN_INT_CONVERSION = YES;
				CLANG_WARN_NON_LITERAL_NULL_CONVERSION = YES;
				CLANG_WARN_OBJC_IMPLICIT_RETAIN_SELF = YES;
				CLANG_WARN_OBJC_LITERAL_CONVERSION = YES;
				CLANG_WARN_OBJC_ROOT_CLASS = YES_ERROR;
				CLANG_WARN_RANGE_LOOP_ANALYSIS = YES;
				CLANG_WARN_STRICT_PROTOTYPES = YES;
				CLANG_WARN_SUSPICIOUS_MOVE = YES;
				CLANG_WARN_UNGUARDED_AVAILABILITY = YES_AGGRESSIVE;
				CLANG_WARN_UNREACHABLE_CODE = YES;
				CLANG_WARN__DUPLICATE_METHOD_MATCH = YES;
				CODE_SIGN_IDENTITY = "iPhone Developer";
				COPY_PHASE_STRIP = NO;
				DEBUG_INFORMATION_FORMAT = "dwarf-with-dsym";
				ENABLE_NS_ASSERTIONS = NO;
				ENABLE_STRICT_OBJC_MSGSEND = YES;
				GCC_C_LANGUAGE_STANDARD = gnu11;
				GCC_NO_COMMON_BLOCKS = YES;
				GCC_WARN_64_TO_32_BIT_CONVERSION = YES;
				GCC_WARN_ABOUT_RETURN_TYPE = YES_ERROR;
				GCC_WARN_UNDECLARED_SELECTOR = YES;
				GCC_WARN_UNINITIALIZED_AUTOS = YES_AGGRESSIVE;
				GCC_WARN_UNUSED_FUNCTION = YES;
				GCC_WARN_UNUSED_VARIABLE = YES;
				IPHONEOS_DEPLOYMENT_TARGET = 12.1;
				MTL_ENABLE_DEBUG_INFO = NO;
				MTL_FAST_MATH = YES;
				SDKROOT = iphoneos;
				SWIFT_COMPILATION_MODE = wholemodule;
				SWIFT_OPTIMIZATION_LEVEL = "-O";
				VALIDATE_PRODUCT = YES;
			};
			name = Release;
		};
		26F2A93421E640DA0072680B /* Debug */ = {
			isa = XCBuildConfiguration;
			baseConfigurationReference = B989F6D0CDFFCEB952CBC588 /* Pods-Todoey.debug.xcconfig */;
			buildSettings = {
				ASSETCATALOG_COMPILER_APPICON_NAME = AppIcon;
				CODE_SIGN_STYLE = Automatic;
				DEVELOPMENT_TEAM = GUCR7L435S;
				INFOPLIST_FILE = Todoey/Info.plist;
				LD_RUNPATH_SEARCH_PATHS = (
					"$(inherited)",
					"@executable_path/Frameworks",
				);
				PRODUCT_BUNDLE_IDENTIFIER = com.szymontenderenda.Todoey;
				PRODUCT_NAME = "$(TARGET_NAME)";
				SWIFT_VERSION = 4.2;
				TARGETED_DEVICE_FAMILY = "1,2";
			};
			name = Debug;
		};
		26F2A93521E640DA0072680B /* Release */ = {
			isa = XCBuildConfiguration;
			baseConfigurationReference = DD941B57196A2355F097B14A /* Pods-Todoey.release.xcconfig */;
			buildSettings = {
				ASSETCATALOG_COMPILER_APPICON_NAME = AppIcon;
				CODE_SIGN_STYLE = Automatic;
				DEVELOPMENT_TEAM = GUCR7L435S;
				INFOPLIST_FILE = Todoey/Info.plist;
				LD_RUNPATH_SEARCH_PATHS = (
					"$(inherited)",
					"@executable_path/Frameworks",
				);
				PRODUCT_BUNDLE_IDENTIFIER = com.szymontenderenda.Todoey;
				PRODUCT_NAME = "$(TARGET_NAME)";
				SWIFT_VERSION = 4.2;
				TARGETED_DEVICE_FAMILY = "1,2";
			};
			name = Release;
		};
/* End XCBuildConfiguration section */

/* Begin XCConfigurationList section */
		26F2A91C21E640D90072680B /* Build configuration list for PBXProject "Todoey" */ = {
			isa = XCConfigurationList;
			buildConfigurations = (
				26F2A93121E640DA0072680B /* Debug */,
				26F2A93221E640DA0072680B /* Release */,
			);
			defaultConfigurationIsVisible = 0;
			defaultConfigurationName = Release;
		};
		26F2A93321E640DA0072680B /* Build configuration list for PBXNativeTarget "Todoey" */ = {
			isa = XCConfigurationList;
			buildConfigurations = (
				26F2A93421E640DA0072680B /* Debug */,
				26F2A93521E640DA0072680B /* Release */,
			);
			defaultConfigurationIsVisible = 0;
			defaultConfigurationName = Release;
		};
/* End XCConfigurationList section */
	};
	rootObject = 26F2A91921E640D90072680B /* Project object */;
}
